
Microsoft Visual Studio Solution File, Format Version 12.00
# Visual Studio 15
Project("{FAE04EC0-301F-11D3-BF4B-00C04F79EFBC}") = "CFXRRuntime", "CFXRRuntime.csproj", "{3633C985-BFA9-CBCD-E8D9-F4FA9E228F5C}"
EndProject
Project("{FAE04EC0-301F-11D3-BF4B-00C04F79EFBC}") = "CFXRDemo", "CFXRDemo.csproj", "{14466B31-5C31-5CCB-ED44-BB85442FCAEE}"
EndProject
Project("{FAE04EC0-301F-11D3-BF4B-00C04F79EFBC}") = "CFXREditor", "CFXREditor.csproj", "{C505632A-AE7F-2744-5579-263FB4CB885A}"
EndProject
Project("{FAE04EC0-301F-11D3-BF4B-00C04F79EFBC}") = "Assembly-CSharp-Editor", "Assembly-CSharp-Editor.csproj", "{ECEAF767-EC52-7A1A-152D-47D039F89967}"
EndProject
Project("{FAE04EC0-301F-11D3-BF4B-00C04F79EFBC}") = "KinoBloom.Runtime", "KinoBloom.Runtime.csproj", "{6495495A-395F-05BB-EE6C-91378575DFDF}"
EndProject
Project("{FAE04EC0-301F-11D3-BF4B-00C04F79EFBC}") = "Assembly-CSharp", "Assembly-CSharp.csproj", "{2201CC7D-DE28-3578-5930-53E92C6F9545}"
EndProject
Project("{FAE04EC0-301F-11D3-BF4B-00C04F79EFBC}") = "CFXR.WelcomeScreen", "CFXR.WelcomeScreen.csproj", "{125C94EE-8EEE-0D64-0F04-5880258D2BBB}"
EndProject
Project("{FAE04EC0-301F-11D3-BF4B-00C04F79EFBC}") = "ToonyColorsPro.Demo.Editor", "ToonyColorsPro.Demo.Editor.csproj", "{35A32FF7-3435-C1C2-7BA3-FDAC30CBAB73}"
EndProject
Global
	GlobalSection(SolutionConfigurationPlatforms) = preSolution
		Debug|Any CPU = Debug|Any CPU
		Release|Any CPU = Release|Any CPU
	EndGlobalSection
	GlobalSection(ProjectConfigurationPlatforms) = postSolution
		{3633C985-BFA9-CBCD-E8D9-F4FA9E228F5C}.Debug|Any CPU.ActiveCfg = Debug|Any CPU
		{3633C985-BFA9-CBCD-E8D9-F4FA9E228F5C}.Debug|Any CPU.Build.0 = Debug|Any CPU
		{3633C985-BFA9-CBCD-E8D9-F4FA9E228F5C}.Release|Any CPU.ActiveCfg = Release|Any CPU
		{3633C985-BFA9-CBCD-E8D9-F4FA9E228F5C}.Release|Any CPU.Build.0 = Release|Any CPU
		{14466B31-5C31-5CCB-ED44-BB85442FCAEE}.Debug|Any CPU.ActiveCfg = Debug|Any CPU
		{14466B31-5C31-5CCB-ED44-BB85442FCAEE}.Debug|Any CPU.Build.0 = Debug|Any CPU
		{14466B31-5C31-5CCB-ED44-BB85442FCAEE}.Release|Any CPU.ActiveCfg = Release|Any CPU
		{14466B31-5C31-5CCB-ED44-BB85442FCAEE}.Release|Any CPU.Build.0 = Release|Any CPU
		{C505632A-AE7F-2744-5579-263FB4CB885A}.Debug|Any CPU.ActiveCfg = Debug|Any CPU
		{C505632A-AE7F-2744-5579-263FB4CB885A}.Debug|Any CPU.Build.0 = Debug|Any CPU
		{C505632A-AE7F-2744-5579-263FB4CB885A}.Release|Any CPU.ActiveCfg = Release|Any CPU
		{C505632A-AE7F-2744-5579-263FB4CB885A}.Release|Any CPU.Build.0 = Release|Any CPU
		{ECEAF767-EC52-7A1A-152D-47D039F89967}.Debug|Any CPU.ActiveCfg = Debug|Any CPU
		{ECEAF767-EC52-7A1A-152D-47D039F89967}.Debug|Any CPU.Build.0 = Debug|Any CPU
		{ECEAF767-EC52-7A1A-152D-47D039F89967}.Release|Any CPU.ActiveCfg = Release|Any CPU
		{ECEAF767-EC52-7A1A-152D-47D039F89967}.Release|Any CPU.Build.0 = Release|Any CPU
		{6495495A-395F-05BB-EE6C-91378575DFDF}.Debug|Any CPU.ActiveCfg = Debug|Any CPU
		{6495495A-395F-05BB-EE6C-91378575DFDF}.Debug|Any CPU.Build.0 = Debug|Any CPU
		{6495495A-395F-05BB-EE6C-91378575DFDF}.Release|Any CPU.ActiveCfg = Release|Any CPU
		{6495495A-395F-05BB-EE6C-91378575DFDF}.Release|Any CPU.Build.0 = Release|Any CPU
		{2201CC7D-DE28-3578-5930-53E92C6F9545}.Debug|Any CPU.ActiveCfg = Debug|Any CPU
		{2201CC7D-DE28-3578-5930-53E92C6F9545}.Debug|Any CPU.Build.0 = Debug|Any CPU
		{2201CC7D-DE28-3578-5930-53E92C6F9545}.Release|Any CPU.ActiveCfg = Release|Any CPU
		{2201CC7D-DE28-3578-5930-53E92C6F9545}.Release|Any CPU.Build.0 = Release|Any CPU
		{125C94EE-8EEE-0D64-0F04-5880258D2BBB}.Debug|Any CPU.ActiveCfg = Debug|Any CPU
		{125C94EE-8EEE-0D64-0F04-5880258D2BBB}.Debug|Any CPU.Build.0 = Debug|Any CPU
		{125C94EE-8EEE-0D64-0F04-5880258D2BBB}.Release|Any CPU.ActiveCfg = Release|Any CPU
		{125C94EE-8EEE-0D64-0F04-5880258D2BBB}.Release|Any CPU.Build.0 = Release|Any CPU
		{35A32FF7-3435-C1C2-7BA3-FDAC30CBAB73}.Debug|Any CPU.ActiveCfg = Debug|Any CPU
		{35A32FF7-3435-C1C2-7BA3-FDAC30CBAB73}.Debug|Any CPU.Build.0 = Debug|Any CPU
		{35A32FF7-3435-C1C2-7BA3-FDAC30CBAB73}.Release|Any CPU.ActiveCfg = Release|Any CPU
		{35A32FF7-3435-C1C2-7BA3-FDAC30CBAB73}.Release|Any CPU.Build.0 = Release|Any CPU
	EndGlobalSection
	GlobalSection(SolutionProperties) = preSolution
		HideSolutionNode = FALSE
	EndGlobalSection
EndGlobal
